# This file was autogenerated by Stack.
# You should not edit this file by hand.
# For more information, please see the documentation at:
#   https://docs.haskellstack.org/en/stable/lock_files

packages:
- completed:
    hackage: multiset-0.3.4@sha256:a82739a88411afb4a8b0d4d24a89038e7e6f7291e5721816bfbfa8138498fd54,1209
    pantry-tree:
      size: 430
      sha256: 9392bdec27f49d0426bbc7d739ab252e6fdc4e3c947977177142b99300a26b34
  original:
    hackage: multiset-0.3.4
snapshots:
- completed:
    size: 527182
    url: https://raw.githubusercontent.com/commercialhaskell/stackage-snapshots/master/lts/11/14.yaml
    sha256: b4cbb55d71ef0e49a058cc057c0282acfa5c409f42a59a48552548bd510ab73c
  original: lts-11.14
